// !$*UTF8*$!
{
	archiveVersion = 1;
	classes = {
	};
	objectVersion = 46;
	objects = {

/* Begin PBXBuildFile section */
		5BD849F71E8C4D1F00ECEEDD /* AppDelegate.swift in Sources */ = {isa = PBXBuildFile; fileRef = 5BD849F61E8C4D1F00ECEEDD /* AppDelegate.swift */; };
		5BD849F91E8C4D1F00ECEEDD /* ViewController.swift in Sources */ = {isa = PBXBuildFile; fileRef = 5BD849F81E8C4D1F00ECEEDD /* ViewController.swift */; };
		5BD849FC1E8C4D2000ECEEDD /* Main.storyboard in Resources */ = {isa = PBXBuildFile; fileRef = 5BD849FA1E8C4D2000ECEEDD /* Main.storyboard */; };
		5BD849FE1E8C4D2000ECEEDD /* Assets.xcassets in Resources */ = {isa = PBXBuildFile; fileRef = 5BD849FD1E8C4D2000ECEEDD /* Assets.xcassets */; };
		5BD84A011E8C4D2000ECEEDD /* LaunchScreen.storyboard in Resources */ = {isa = PBXBuildFile; fileRef = 5BD849FF1E8C4D2000ECEEDD /* LaunchScreen.storyboard */; };
		5BD84A091E8C4F2E00ECEEDD /* Business.swift in Sources */ = {isa = PBXBuildFile; fileRef = 5BD84A081E8C4F2E00ECEEDD /* Business.swift */; };
		5BD84A0D1E8C4FBD00ECEEDD /* BusinessesViewController.swift in Sources */ = {isa = PBXBuildFile; fileRef = 5BD84A0C1E8C4FBD00ECEEDD /* BusinessesViewController.swift */; };
		5BD84A111E8C671300ECEEDD /* BusinessCell.swift in Sources */ = {isa = PBXBuildFile; fileRef = 5BD84A101E8C671300ECEEDD /* BusinessCell.swift */; };
		5BD84A151E8C6BF500ECEEDD /* YelpClient.swift in Sources */ = {isa = PBXBuildFile; fileRef = 5BD84A141E8C6BF500ECEEDD /* YelpClient.swift */; };
		6B86FBAA78051CF53A2BE448 /* Pods_yelp.framework in Frameworks */ = {isa = PBXBuildFile; fileRef = 7E765392ED8190B825CBCD1F /* Pods_yelp.framework */; };
/* End PBXBuildFile section */

/* Begin PBXFileReference section */
		37B7CE4D0F07535856D3F52C /* Pods-yelp.release.xcconfig */ = {isa = PBXFileReference; includeInIndex = 1; lastKnownFileType = text.xcconfig; name = "Pods-yelp.release.xcconfig"; path = "Pods/Target Support Files/Pods-yelp/Pods-yelp.release.xcconfig"; sourceTree = "<group>"; };
		5BD849F31E8C4D1F00ECEEDD /* yelp.app */ = {isa = PBXFileReference; explicitFileType = wrapper.application; includeInIndex = 0; path = yelp.app; sourceTree = BUILT_PRODUCTS_DIR; };
		5BD849F61E8C4D1F00ECEEDD /* AppDelegate.swift */ = {isa = PBXFileReference; lastKnownFileType = sourcecode.swift; path = AppDelegate.swift; sourceTree = "<group>"; };
		5BD849F81E8C4D1F00ECEEDD /* ViewController.swift */ = {isa = PBXFileReference; lastKnownFileType = sourcecode.swift; path = ViewController.swift; sourceTree = "<group>"; };
		5BD849FB1E8C4D2000ECEEDD /* Base */ = {isa = PBXFileReference; lastKnownFileType = file.storyboard; name = Base; path = Base.lproj/Main.storyboard; sourceTree = "<group>"; };
		5BD849FD1E8C4D2000ECEEDD /* Assets.xcassets */ = {isa = PBXFileReference; lastKnownFileType = folder.assetcatalog; path = Assets.xcassets; sourceTree = "<group>"; };
		5BD84A001E8C4D2000ECEEDD /* Base */ = {isa = PBXFileReference; lastKnownFileType = file.storyboard; name = Base; path = Base.lproj/LaunchScreen.storyboard; sourceTree = "<group>"; };
		5BD84A021E8C4D2000ECEEDD /* Info.plist */ = {isa = PBXFileReference; lastKnownFileType = text.plist.xml; path = Info.plist; sourceTree = "<group>"; };
		5BD84A081E8C4F2E00ECEEDD /* Business.swift */ = {isa = PBXFileReference; fileEncoding = 4; lastKnownFileType = sourcecode.swift; name = Business.swift; path = ../Business.swift; sourceTree = "<group>"; };
		5BD84A0C1E8C4FBD00ECEEDD /* BusinessesViewController.swift */ = {isa = PBXFileReference; fileEncoding = 4; lastKnownFileType = sourcecode.swift; path = BusinessesViewController.swift; sourceTree = "<group>"; };
		5BD84A101E8C671300ECEEDD /* BusinessCell.swift */ = {isa = PBXFileReference; fileEncoding = 4; lastKnownFileType = sourcecode.swift; path = BusinessCell.swift; sourceTree = "<group>"; };
		5BD84A141E8C6BF500ECEEDD /* YelpClient.swift */ = {isa = PBXFileReference; fileEncoding = 4; lastKnownFileType = sourcecode.swift; path = YelpClient.swift; sourceTree = "<group>"; };
		7E765392ED8190B825CBCD1F /* Pods_yelp.framework */ = {isa = PBXFileReference; explicitFileType = wrapper.framework; includeInIndex = 0; path = Pods_yelp.framework; sourceTree = BUILT_PRODUCTS_DIR; };
		811DE317F6D631759BD245E3 /* Pods-yelp.debug.xcconfig */ = {isa = PBXFileReference; includeInIndex = 1; lastKnownFileType = text.xcconfig; name = "Pods-yelp.debug.xcconfig"; path = "Pods/Target Support Files/Pods-yelp/Pods-yelp.debug.xcconfig"; sourceTree = "<group>"; };
/* End PBXFileReference section */

/* Begin PBXFrameworksBuildPhase section */
		5BD849F01E8C4D1F00ECEEDD /* Frameworks */ = {
			isa = PBXFrameworksBuildPhase;
			buildActionMask = 2147483647;
			files = (
				6B86FBAA78051CF53A2BE448 /* Pods_yelp.framework in Frameworks */,
			);
			runOnlyForDeploymentPostprocessing = 0;
		};
/* End PBXFrameworksBuildPhase section */

/* Begin PBXGroup section */
		4BBABF36753EE68259C9B8ED /* Frameworks */ = {
			isa = PBXGroup;
			children = (
				7E765392ED8190B825CBCD1F /* Pods_yelp.framework */,
			);
			name = Frameworks;
			sourceTree = "<group>";
		};
		5BD849EA1E8C4D1F00ECEEDD = {
			isa = PBXGroup;
			children = (
				5BD849F51E8C4D1F00ECEEDD /* yelp */,
				5BD849F41E8C4D1F00ECEEDD /* Products */,
				E03D2644772F8E1B6BC4EA3E /* Pods */,
				4BBABF36753EE68259C9B8ED /* Frameworks */,
			);
			sourceTree = "<group>";
		};
		5BD849F41E8C4D1F00ECEEDD /* Products */ = {
			isa = PBXGroup;
			children = (
				5BD849F31E8C4D1F00ECEEDD /* yelp.app */,
			);
			name = Products;
			sourceTree = "<group>";
		};
		5BD849F51E8C4D1F00ECEEDD /* yelp */ = {
			isa = PBXGroup;
			children = (
				5BD84A0B1E8C4F9B00ECEEDD /* view controllers */,
				5BD84A0A1E8C4F7D00ECEEDD /* Medels */,
				5BD849F61E8C4D1F00ECEEDD /* AppDelegate.swift */,
				5BD849F81E8C4D1F00ECEEDD /* ViewController.swift */,
				5BD849FA1E8C4D2000ECEEDD /* Main.storyboard */,
				5BD849FD1E8C4D2000ECEEDD /* Assets.xcassets */,
				5BD849FF1E8C4D2000ECEEDD /* LaunchScreen.storyboard */,
				5BD84A021E8C4D2000ECEEDD /* Info.plist */,
				5BD84A141E8C6BF500ECEEDD /* YelpClient.swift */,
			);
			path = yelp;
			sourceTree = "<group>";
		};
		5BD84A0A1E8C4F7D00ECEEDD /* Medels */ = {
			isa = PBXGroup;
			children = (
				5BD84A081E8C4F2E00ECEEDD /* Business.swift */,
			);
			name = Medels;
			sourceTree = "<group>";
		};
		5BD84A0B1E8C4F9B00ECEEDD /* view controllers */ = {
			isa = PBXGroup;
			children = (
				5BD84A0C1E8C4FBD00ECEEDD /* BusinessesViewController.swift */,
				5BD84A101E8C671300ECEEDD /* BusinessCell.swift */,
			);
			name = "view controllers";
			sourceTree = "<group>";
		};
		E03D2644772F8E1B6BC4EA3E /* Pods */ = {
			isa = PBXGroup;
			children = (
				811DE317F6D631759BD245E3 /* Pods-yelp.debug.xcconfig */,
				37B7CE4D0F07535856D3F52C /* Pods-yelp.release.xcconfig */,
			);
			name = Pods;
			sourceTree = "<group>";
		};
/* End PBXGroup section */

/* Begin PBXNativeTarget section */
		5BD849F21E8C4D1F00ECEEDD /* yelp */ = {
			isa = PBXNativeTarget;
			buildConfigurationList = 5BD84A051E8C4D2000ECEEDD /* Build configuration list for PBXNativeTarget "yelp" */;
			buildPhases = (
				564BB6281355CD9EA178430E /* [CP] Check Pods Manifest.lock */,
				5BD849EF1E8C4D1F00ECEEDD /* Sources */,
				5BD849F01E8C4D1F00ECEEDD /* Frameworks */,
				5BD849F11E8C4D1F00ECEEDD /* Resources */,
				0AE075F904B4C6D861B873E3 /* [CP] Embed Pods Frameworks */,
				8AC0C564697C7EE8AD42AF8F /* [CP] Copy Pods Resources */,
			);
			buildRules = (
			);
			dependencies = (
			);
			name = yelp;
			productName = yelp;
			productReference = 5BD849F31E8C4D1F00ECEEDD /* yelp.app */;
			productType = "com.apple.product-type.application";
		};
/* End PBXNativeTarget section */

/* Begin PBXProject section */
		5BD849EB1E8C4D1F00ECEEDD /* Project object */ = {
			isa = PBXProject;
			attributes = {
				LastSwiftUpdateCheck = 0810;
				LastUpgradeCheck = 0810;
				ORGANIZATIONNAME = Codepath;
				TargetAttributes = {
					5BD849F21E8C4D1F00ECEEDD = {
						CreatedOnToolsVersion = 8.1;
						ProvisioningStyle = Automatic;
					};
				};
			};
			buildConfigurationList = 5BD849EE1E8C4D1F00ECEEDD /* Build configuration list for PBXProject "yelp" */;
			compatibilityVersion = "Xcode 3.2";
			developmentRegion = English;
			hasScannedForEncodings = 0;
			knownRegions = (
				en,
				Base,
			);
			mainGroup = 5BD849EA1E8C4D1F00ECEEDD;
			productRefGroup = 5BD849F41E8C4D1F00ECEEDD /* Products */;
			projectDirPath = "";
			projectRoot = "";
			targets = (
				5BD849F21E8C4D1F00ECEEDD /* yelp */,
			);
		};
/* End PBXProject section */

/* Begin PBXResourcesBuildPhase section */
		5BD849F11E8C4D1F00ECEEDD /* Resources */ = {
			isa = PBXResourcesBuildPhase;
			buildActionMask = 2147483647;
			files = (
				5BD84A011E8C4D2000ECEEDD /* LaunchScreen.storyboard in Resources */,
				5BD849FE1E8C4D2000ECEEDD /* Assets.xcassets in Resources */,
				5BD849FC1E8C4D2000ECEEDD /* Main.storyboard in Resources */,
			);
			runOnlyForDeploymentPostprocessing = 0;
		};
/* End PBXResourcesBuildPhase section */

/* Begin PBXShellScriptBuildPhase section */
		0AE075F904B4C6D861B873E3 /* [CP] Embed Pods Frameworks */ = {
			isa = PBXShellScriptBuildPhase;
			buildActionMask = 2147483647;
			files = (
			);
			inputPaths = (
			);
			name = "[CP] Embed Pods Frameworks";
			outputPaths = (
			);
			runOnlyForDeploymentPostprocessing = 0;
			shellPath = /bin/sh;
			shellScript = "\"${SRCROOT}/Pods/Target Support Files/Pods-yelp/Pods-yelp-frameworks.sh\"\n";
			showEnvVarsInLog = 0;
		};
		564BB6281355CD9EA178430E /* [CP] Check Pods Manifest.lock */ = {
			isa = PBXShellScriptBuildPhase;
			buildActionMask = 2147483647;
			files = (
			);
			inputPaths = (
			);
			name = "[CP] Check Pods Manifest.lock";
			outputPaths = (
			);
			runOnlyForDeploymentPostprocessing = 0;
			shellPath = /bin/sh;
			shellScript = "diff \"${PODS_ROOT}/../Podfile.lock\" \"${PODS_ROOT}/Manifest.lock\" > /dev/null\nif [ $? != 0 ] ; then\n    # print error to STDERR\n    echo \"error: The sandbox is not in sync with the Podfile.lock. Run 'pod install' or update your CocoaPods installation.\" >&2\n    exit 1\nfi\n";
			showEnvVarsInLog = 0;
		};
		8AC0C564697C7EE8AD42AF8F /* [CP] Copy Pods Resources */ = {
			isa = PBXShellScriptBuildPhase;
			buildActionMask = 2147483647;
			files = (
			);
			inputPaths = (
			);
			name = "[CP] Copy Pods Resources";
			outputPaths = (
			);
			runOnlyForDeploymentPostprocessing = 0;
			shellPath = /bin/sh;
			shellScript = "\"${SRCROOT}/Pods/Target Support Files/Pods-yelp/Pods-yelp-resources.sh\"\n";
			showEnvVarsInLog = 0;
		};
/* End PBXShellScriptBuildPhase section */

/* Begin PBXSourcesBuildPhase section */
		5BD849EF1E8C4D1F00ECEEDD /* Sources */ = {
			isa = PBXSourcesBuildPhase;
			buildActionMask = 2147483647;
			files = (
				5BD84A111E8C671300ECEEDD /* BusinessCell.swift in Sources */,
				5BD84A0D1E8C4FBD00ECEEDD /* BusinessesViewController.swift in Sources */,
				5BD84A091E8C4F2E00ECEEDD /* Business.swift in Sources */,
				5BD849F91E8C4D1F00ECEEDD /* ViewController.swift in Sources */,
				5BD84A151E8C6BF500ECEEDD /* YelpClient.swift in Sources */,
				5BD849F71E8C4D1F00ECEEDD /* AppDelegate.swift in Sources */,
			);
			runOnlyForDeploymentPostprocessing = 0;
		};
/* End PBXSourcesBuildPhase section */

/* Begin PBXVariantGroup section */
		5BD849FA1E8C4D2000ECEEDD /* Main.storyboard */ = {
			isa = PBXVariantGroup;
			children = (
				5BD849FB1E8C4D2000ECEEDD /* Base */,
			);
			name = Main.storyboard;
			sourceTree = "<group>";
		};
		5BD849FF1E8C4D2000ECEEDD /* LaunchScreen.storyboard */ = {
			isa = PBXVariantGroup;
			children = (
				5BD84A001E8C4D2000ECEEDD /* Base */,
			);
			name = LaunchScreen.storyboard;
			sourceTree = "<group>";
		};
/* End PBXVariantGroup section */

/* Begin XCBuildConfiguration section */
		5BD84A031E8C4D2000ECEEDD /* Debug */ = {
			isa = XCBuildConfiguration;
			buildSettings = {
				ALWAYS_SEARCH_USER_PATHS = NO;
				CLANG_ANALYZER_NONNULL = YES;
				CLANG_CXX_LANGUAGE_STANDARD = "gnu++0x";
				CLANG_CXX_LIBRARY = "libc++";
				CLANG_ENABLE_MODULES = YES;
				CLANG_ENABLE_OBJC_ARC = YES;
				CLANG_WARN_BOOL_CONVERSION = YES;
				CLANG_WARN_CONSTANT_CONVERSION = YES;
				CLANG_WARN_DIRECT_OBJC_ISA_USAGE = YES_ERROR;
				CLANG_WARN_DOCUMENTATION_COMMENTS = YES;
				CLANG_WARN_EMPTY_BODY = YES;
				CLANG_WARN_ENUM_CONVERSION = YES;
				CLANG_WARN_INFINITE_RECURSION = YES;
				CLANG_WARN_INT_CONVERSION = YES;
				CLANG_WARN_OBJC_ROOT_CLASS = YES_ERROR;
				CLANG_WARN_SUSPICIOUS_MOVES = YES;
				CLANG_WARN_UNREACHABLE_CODE = YES;
				CLANG_WARN__DUPLICATE_METHOD_MATCH = YES;
				"CODE_SIGN_IDENTITY[sdk=iphoneos*]" = "iPhone Developer";
				COPY_PHASE_STRIP = NO;
				DEBUG_INFORMATION_FORMAT = dwarf;
				ENABLE_STRICT_OBJC_MSGSEND = YES;
				ENABLE_TESTABILITY = YES;
				GCC_C_LANGUAGE_STANDARD = gnu99;
				GCC_DYNAMIC_NO_PIC = NO;
				GCC_NO_COMMON_BLOCKS = YES;
				GCC_OPTIMIZATION_LEVEL = 0;
				GCC_PREPROCESSOR_DEFINITIONS = (
					"DEBUG=1",
					"$(inherited)",
				);
				GCC_WARN_64_TO_32_BIT_CONVERSION = YES;
				GCC_WARN_ABOUT_RETURN_TYPE = YES_ERROR;
				GCC_WARN_UNDECLARED_SELECTOR = YES;
				GCC_WARN_UNINITIALIZED_AUTOS = YES_AGGRESSIVE;
				GCC_WARN_UNUSED_FUNCTION = YES;
				GCC_WARN_UNUSED_VARIABLE = YES;
				IPHONEOS_DEPLOYMENT_TARGET = 10.1;
				MTL_ENABLE_DEBUG_INFO = YES;
				ONLY_ACTIVE_ARCH = YES;
				SDKROOT = iphoneos;
				SWIFT_ACTIVE_COMPILATION_CONDITIONS = DEBUG;
				SWIFT_OPTIMIZATION_LEVEL = "-Onone";
				TARGETED_DEVICE_FAMILY = "1,2";
			};
			name = Debug;
		};
		5BD84A041E8C4D2000ECEEDD /* Release */ = {
			isa = XCBuildConfiguration;
			buildSettings = {
				ALWAYS_SEARCH_USER_PATHS = NO;
				CLANG_ANALYZER_NONNULL = YES;
				CLANG_CXX_LANGUAGE_STANDARD = "gnu++0x";
				CLANG_CXX_LIBRARY = "libc++";
				CLANG_ENABLE_MODULES = YES;
				CLANG_ENABLE_OBJC_ARC = YES;
				CLANG_WARN_BOOL_CONVERSION = YES;
				CLANG_WARN_CONSTANT_CONVERSION = YES;
				CLANG_WARN_DIRECT_OBJC_ISA_USAGE = YES_ERROR;
				CLANG_WARN_DOCUMENTATION_COMMENTS = YES;
				CLANG_WARN_EMPTY_BODY = YES;
				CLANG_WARN_ENUM_CONVERSION = YES;
				CLANG_WARN_INFINITE_RECURSION = YES;
				CLANG_WARN_INT_CONVERSION = YES;
				CLANG_WARN_OBJC_ROOT_CLASS = YES_ERROR;
				CLANG_WARN_SUSPICIOUS_MOVES = YES;
				CLANG_WARN_UNREACHABLE_CODE = YES;
				CLANG_WARN__DUPLICATE_METHOD_MATCH = YES;
				"CODE_SIGN_IDENTITY[sdk=iphoneos*]" = "iPhone Developer";
				COPY_PHASE_STRIP = NO;
				DEBUG_INFORMATION_FORMAT = "dwarf-with-dsym";
				ENABLE_NS_ASSERTIONS = NO;
				ENABLE_STRICT_OBJC_MSGSEND = YES;
				GCC_C_LANGUAGE_STANDARD = gnu99;
				GCC_NO_COMMON_BLOCKS = YES;
				GCC_WARN_64_TO_32_BIT_CONVERSION = YES;
				GCC_WARN_ABOUT_RETURN_TYPE = YES_ERROR;
				GCC_WARN_UNDECLARED_SELECTOR = YES;
				GCC_WARN_UNINITIALIZED_AUTOS = YES_AGGRESSIVE;
				GCC_WARN_UNUSED_FUNCTION = YES;
				GCC_WARN_UNUSED_VARIABLE = YES;
				IPHONEOS_DEPLOYMENT_TARGET = 10.1;
				MTL_ENABLE_DEBUG_INFO = NO;
				SDKROOT = iphoneos;
				SWIFT_OPTIMIZATION_LEVEL = "-Owholemodule";
				TARGETED_DEVICE_FAMILY = "1,2";
				VALIDATE_PRODUCT = YES;
			};
			name = Release;
		};
		5BD84A061E8C4D2000ECEEDD /* Debug */ = {
			isa = XCBuildConfiguration;
			baseConfigurationReference = 811DE317F6D631759BD245E3 /* Pods-yelp.debug.xcconfig */;
			buildSettings = {
				ASSETCATALOG_COMPILER_APPICON_NAME = AppIcon;
				INFOPLIST_FILE = yelp/Info.plist;
				IPHONEOS_DEPLOYMENT_TARGET = 10.0;
				LD_RUNPATH_SEARCH_PATHS = "$(inherited) @executable_path/Frameworks";
				PRODUCT_BUNDLE_IDENTIFIER = "com-codepath.yelp";
				PRODUCT_NAME = "$(TARGET_NAME)";
				SWIFT_VERSION = 3.0;
			};
			name = Debug;
		};
		5BD84A071E8C4D2000ECEEDD /* Release */ = {
			isa = XCBuildConfiguration;
			baseConfigurationReference = 37B7CE4D0F07535856D3F52C /* Pods-yelp.release.xcconfig */;
			buildSettings = {
				ASSETCATALOG_COMPILER_APPICON_NAME = AppIcon;
				INFOPLIST_FILE = yelp/Info.plist;
				IPHONEOS_DEPLOYMENT_TARGET = 10.0;
				LD_RUNPATH_SEARCH_PATHS = "$(inherited) @executable_path/Frameworks";
				PRODUCT_BUNDLE_IDENTIFIER = "com-codepath.yelp";
				PRODUCT_NAME = "$(TARGET_NAME)";
				SWIFT_VERSION = 3.0;
			};
			name = Release;
		};
/* End XCBuildConfiguration section */

/* Begin XCConfigurationList section */
		5BD849EE1E8C4D1F00ECEEDD /* Build configuration list for PBXProject "yelp" */ = {
			isa = XCConfigurationList;
			buildConfigurations = (
				5BD84A031E8C4D2000ECEEDD /* Debug */,
				5BD84A041E8C4D2000ECEEDD /* Release */,
			);
			defaultConfigurationIsVisible = 0;
			defaultConfigurationName = Release;
		};
		5BD84A051E8C4D2000ECEEDD /* Build configuration list for PBXNativeTarget "yelp" */ = {
			isa = XCConfigurationList;
			buildConfigurations = (
				5BD84A061E8C4D2000ECEEDD /* Debug */,
				5BD84A071E8C4D2000ECEEDD /* Release */,
			);
			defaultConfigurationIsVisible = 0;
			defaultConfigurationName = Release;
		};
/* End XCConfigurationList section */
	};
	rootObject = 5BD849EB1E8C4D1F00ECEEDD /* Project object */;
}
